// !$*UTF8*$!
{
	archiveVersion = 1;
	classes = {
	};
	objectVersion = 46;
	objects = {

/* Begin PBXBuildFile section */
		6D163A5B1CD4D8F20082F0A8 /* AppDelegate.swift in Sources */ = {isa = PBXBuildFile; fileRef = 6D163A5A1CD4D8F20082F0A8 /* AppDelegate.swift */; };
		6D163A5D1CD4D8F20082F0A8 /* ViewController.swift in Sources */ = {isa = PBXBuildFile; fileRef = 6D163A5C1CD4D8F20082F0A8 /* ViewController.swift */; };
		6D163A601CD4D8F20082F0A8 /* Main.storyboard in Resources */ = {isa = PBXBuildFile; fileRef = 6D163A5E1CD4D8F20082F0A8 /* Main.storyboard */; };
		6D163A621CD4D8F20082F0A8 /* Assets.xcassets in Resources */ = {isa = PBXBuildFile; fileRef = 6D163A611CD4D8F20082F0A8 /* Assets.xcassets */; };
		6D163A651CD4D8F20082F0A8 /* LaunchScreen.storyboard in Resources */ = {isa = PBXBuildFile; fileRef = 6D163A631CD4D8F20082F0A8 /* LaunchScreen.storyboard */; };
		6D163A721CD4DB290082F0A8 /* Interface.storyboard in Resources */ = {isa = PBXBuildFile; fileRef = 6D163A701CD4DB290082F0A8 /* Interface.storyboard */; };
		6D163A741CD4DB290082F0A8 /* Assets.xcassets in Resources */ = {isa = PBXBuildFile; fileRef = 6D163A731CD4DB290082F0A8 /* Assets.xcassets */; };
		6D163A7B1CD4DB290082F0A8 /* WatchApp Extension.appex in Embed App Extensions */ = {isa = PBXBuildFile; fileRef = 6D163A7A1CD4DB290082F0A8 /* WatchApp Extension.appex */; settings = {ATTRIBUTES = (RemoveHeadersOnCopy, ); }; };
		6D163A821CD4DB290082F0A8 /* InterfaceController.swift in Sources */ = {isa = PBXBuildFile; fileRef = 6D163A811CD4DB290082F0A8 /* InterfaceController.swift */; };
		6D163A841CD4DB290082F0A8 /* ExtensionDelegate.swift in Sources */ = {isa = PBXBuildFile; fileRef = 6D163A831CD4DB290082F0A8 /* ExtensionDelegate.swift */; };
		6D163A861CD4DB290082F0A8 /* NotificationController.swift in Sources */ = {isa = PBXBuildFile; fileRef = 6D163A851CD4DB290082F0A8 /* NotificationController.swift */; };
		6D163A881CD4DB290082F0A8 /* GlanceController.swift in Sources */ = {isa = PBXBuildFile; fileRef = 6D163A871CD4DB290082F0A8 /* GlanceController.swift */; };
		6D163A8A1CD4DB290082F0A8 /* ComplicationController.swift in Sources */ = {isa = PBXBuildFile; fileRef = 6D163A891CD4DB290082F0A8 /* ComplicationController.swift */; };
		6D163A8C1CD4DB290082F0A8 /* Assets.xcassets in Resources */ = {isa = PBXBuildFile; fileRef = 6D163A8B1CD4DB290082F0A8 /* Assets.xcassets */; };
		6D163A901CD4DB290082F0A8 /* WatchApp.app in Embed Watch Content */ = {isa = PBXBuildFile; fileRef = 6D163A6E1CD4DB290082F0A8 /* WatchApp.app */; };
/* End PBXBuildFile section */

/* Begin PBXContainerItemProxy section */
		6D163A7C1CD4DB290082F0A8 /* PBXContainerItemProxy */ = {
			isa = PBXContainerItemProxy;
			containerPortal = 6D163A4F1CD4D8F20082F0A8 /* Project object */;
			proxyType = 1;
			remoteGlobalIDString = 6D163A791CD4DB290082F0A8;
			remoteInfo = "WatchApp Extension";
		};
		6D163A8E1CD4DB290082F0A8 /* PBXContainerItemProxy */ = {
			isa = PBXContainerItemProxy;
			containerPortal = 6D163A4F1CD4D8F20082F0A8 /* Project object */;
			proxyType = 1;
			remoteGlobalIDString = 6D163A6D1CD4DB290082F0A8;
			remoteInfo = WatchApp;
		};
/* End PBXContainerItemProxy section */

/* Begin PBXCopyFilesBuildPhase section */
		6D163A941CD4DB290082F0A8 /* Embed App Extensions */ = {
			isa = PBXCopyFilesBuildPhase;
			buildActionMask = 2147483647;
			dstPath = "";
			dstSubfolderSpec = 13;
			files = (
				6D163A7B1CD4DB290082F0A8 /* WatchApp Extension.appex in Embed App Extensions */,
			);
			name = "Embed App Extensions";
			runOnlyForDeploymentPostprocessing = 0;
		};
		6D163A981CD4DB290082F0A8 /* Embed Watch Content */ = {
			isa = PBXCopyFilesBuildPhase;
			buildActionMask = 2147483647;
			dstPath = "$(CONTENTS_FOLDER_PATH)/Watch";
			dstSubfolderSpec = 16;
			files = (
				6D163A901CD4DB290082F0A8 /* WatchApp.app in Embed Watch Content */,
			);
			name = "Embed Watch Content";
			runOnlyForDeploymentPostprocessing = 0;
		};
/* End PBXCopyFilesBuildPhase section */

/* Begin PBXFileReference section */
		6D163A571CD4D8F20082F0A8 /* watchSessionWithTimerCheck.app */ = {isa = PBXFileReference; explicitFileType = wrapper.application; includeInIndex = 0; path = watchSessionWithTimerCheck.app; sourceTree = BUILT_PRODUCTS_DIR; };
		6D163A5A1CD4D8F20082F0A8 /* AppDelegate.swift */ = {isa = PBXFileReference; lastKnownFileType = sourcecode.swift; path = AppDelegate.swift; sourceTree = "<group>"; };
		6D163A5C1CD4D8F20082F0A8 /* ViewController.swift */ = {isa = PBXFileReference; lastKnownFileType = sourcecode.swift; path = ViewController.swift; sourceTree = "<group>"; };
		6D163A5F1CD4D8F20082F0A8 /* Base */ = {isa = PBXFileReference; lastKnownFileType = file.storyboard; name = Base; path = Base.lproj/Main.storyboard; sourceTree = "<group>"; };
		6D163A611CD4D8F20082F0A8 /* Assets.xcassets */ = {isa = PBXFileReference; lastKnownFileType = folder.assetcatalog; path = Assets.xcassets; sourceTree = "<group>"; };
		6D163A641CD4D8F20082F0A8 /* Base */ = {isa = PBXFileReference; lastKnownFileType = file.storyboard; name = Base; path = Base.lproj/LaunchScreen.storyboard; sourceTree = "<group>"; };
		6D163A661CD4D8F20082F0A8 /* Info.plist */ = {isa = PBXFileReference; lastKnownFileType = text.plist.xml; path = Info.plist; sourceTree = "<group>"; };
		6D163A6E1CD4DB290082F0A8 /* WatchApp.app */ = {isa = PBXFileReference; explicitFileType = wrapper.application; includeInIndex = 0; path = WatchApp.app; sourceTree = BUILT_PRODUCTS_DIR; };
		6D163A711CD4DB290082F0A8 /* Base */ = {isa = PBXFileReference; lastKnownFileType = file.storyboard; name = Base; path = Base.lproj/Interface.storyboard; sourceTree = "<group>"; };
		6D163A731CD4DB290082F0A8 /* Assets.xcassets */ = {isa = PBXFileReference; lastKnownFileType = folder.assetcatalog; path = Assets.xcassets; sourceTree = "<group>"; };
		6D163A751CD4DB290082F0A8 /* Info.plist */ = {isa = PBXFileReference; lastKnownFileType = text.plist.xml; path = Info.plist; sourceTree = "<group>"; };
		6D163A7A1CD4DB290082F0A8 /* WatchApp Extension.appex */ = {isa = PBXFileReference; explicitFileType = "wrapper.app-extension"; includeInIndex = 0; path = "WatchApp Extension.appex"; sourceTree = BUILT_PRODUCTS_DIR; };
		6D163A801CD4DB290082F0A8 /* PushNotificationPayload.apns */ = {isa = PBXFileReference; lastKnownFileType = text; path = PushNotificationPayload.apns; sourceTree = "<group>"; };
		6D163A811CD4DB290082F0A8 /* InterfaceController.swift */ = {isa = PBXFileReference; lastKnownFileType = sourcecode.swift; path = InterfaceController.swift; sourceTree = "<group>"; };
		6D163A831CD4DB290082F0A8 /* ExtensionDelegate.swift */ = {isa = PBXFileReference; lastKnownFileType = sourcecode.swift; path = ExtensionDelegate.swift; sourceTree = "<group>"; };
		6D163A851CD4DB290082F0A8 /* NotificationController.swift */ = {isa = PBXFileReference; lastKnownFileType = sourcecode.swift; path = NotificationController.swift; sourceTree = "<group>"; };
		6D163A871CD4DB290082F0A8 /* GlanceController.swift */ = {isa = PBXFileReference; lastKnownFileType = sourcecode.swift; path = GlanceController.swift; sourceTree = "<group>"; };
		6D163A891CD4DB290082F0A8 /* ComplicationController.swift */ = {isa = PBXFileReference; lastKnownFileType = sourcecode.swift; path = ComplicationController.swift; sourceTree = "<group>"; };
		6D163A8B1CD4DB290082F0A8 /* Assets.xcassets */ = {isa = PBXFileReference; lastKnownFileType = folder.assetcatalog; path = Assets.xcassets; sourceTree = "<group>"; };
		6D163A8D1CD4DB290082F0A8 /* Info.plist */ = {isa = PBXFileReference; lastKnownFileType = text.plist.xml; path = Info.plist; sourceTree = "<group>"; };
/* End PBXFileReference section */

/* Begin PBXFrameworksBuildPhase section */
		6D163A541CD4D8F20082F0A8 /* Frameworks */ = {
			isa = PBXFrameworksBuildPhase;
			buildActionMask = 2147483647;
			files = (
			);
			runOnlyForDeploymentPostprocessing = 0;
		};
		6D163A771CD4DB290082F0A8 /* Frameworks */ = {
			isa = PBXFrameworksBuildPhase;
			buildActionMask = 2147483647;
			files = (
			);
			runOnlyForDeploymentPostprocessing = 0;
		};
/* End PBXFrameworksBuildPhase section */

/* Begin PBXGroup section */
		6D163A4E1CD4D8F20082F0A8 = {
			isa = PBXGroup;
			children = (
				6D163A591CD4D8F20082F0A8 /* watchSessionWithTimerCheck */,
				6D163A6F1CD4DB290082F0A8 /* WatchApp */,
				6D163A7E1CD4DB290082F0A8 /* WatchApp Extension */,
				6D163A581CD4D8F20082F0A8 /* Products */,
			);
			sourceTree = "<group>";
		};
		6D163A581CD4D8F20082F0A8 /* Products */ = {
			isa = PBXGroup;
			children = (
				6D163A571CD4D8F20082F0A8 /* watchSessionWithTimerCheck.app */,
				6D163A6E1CD4DB290082F0A8 /* WatchApp.app */,
				6D163A7A1CD4DB290082F0A8 /* WatchApp Extension.appex */,
			);
			name = Products;
			sourceTree = "<group>";
		};
		6D163A591CD4D8F20082F0A8 /* watchSessionWithTimerCheck */ = {
			isa = PBXGroup;
			children = (
				6D163A5A1CD4D8F20082F0A8 /* AppDelegate.swift */,
				6D163A5C1CD4D8F20082F0A8 /* ViewController.swift */,
				6D163A5E1CD4D8F20082F0A8 /* Main.storyboard */,
				6D163A611CD4D8F20082F0A8 /* Assets.xcassets */,
				6D163A631CD4D8F20082F0A8 /* LaunchScreen.storyboard */,
				6D163A661CD4D8F20082F0A8 /* Info.plist */,
			);
			path = watchSessionWithTimerCheck;
			sourceTree = "<group>";
		};
		6D163A6F1CD4DB290082F0A8 /* WatchApp */ = {
			isa = PBXGroup;
			children = (
				6D163A701CD4DB290082F0A8 /* Interface.storyboard */,
				6D163A731CD4DB290082F0A8 /* Assets.xcassets */,
				6D163A751CD4DB290082F0A8 /* Info.plist */,
			);
			path = WatchApp;
			sourceTree = "<group>";
		};
		6D163A7E1CD4DB290082F0A8 /* WatchApp Extension */ = {
			isa = PBXGroup;
			children = (
				6D163A811CD4DB290082F0A8 /* InterfaceController.swift */,
				6D163A831CD4DB290082F0A8 /* ExtensionDelegate.swift */,
				6D163A851CD4DB290082F0A8 /* NotificationController.swift */,
				6D163A871CD4DB290082F0A8 /* GlanceController.swift */,
				6D163A891CD4DB290082F0A8 /* ComplicationController.swift */,
				6D163A8B1CD4DB290082F0A8 /* Assets.xcassets */,
				6D163A8D1CD4DB290082F0A8 /* Info.plist */,
				6D163A7F1CD4DB290082F0A8 /* Supporting Files */,
			);
			path = "WatchApp Extension";
			sourceTree = "<group>";
		};
		6D163A7F1CD4DB290082F0A8 /* Supporting Files */ = {
			isa = PBXGroup;
			children = (
				6D163A801CD4DB290082F0A8 /* PushNotificationPayload.apns */,
			);
			name = "Supporting Files";
			sourceTree = "<group>";
		};
/* End PBXGroup section */

/* Begin PBXNativeTarget section */
		6D163A561CD4D8F20082F0A8 /* watchSessionWithTimerCheck */ = {
			isa = PBXNativeTarget;
			buildConfigurationList = 6D163A691CD4D8F20082F0A8 /* Build configuration list for PBXNativeTarget "watchSessionWithTimerCheck" */;
			buildPhases = (
				6D163A531CD4D8F20082F0A8 /* Sources */,
				6D163A541CD4D8F20082F0A8 /* Frameworks */,
				6D163A551CD4D8F20082F0A8 /* Resources */,
				6D163A981CD4DB290082F0A8 /* Embed Watch Content */,
			);
			buildRules = (
			);
			dependencies = (
				6D163A8F1CD4DB290082F0A8 /* PBXTargetDependency */,
			);
			name = watchSessionWithTimerCheck;
			productName = watchSessionWithTimerCheck;
			productReference = 6D163A571CD4D8F20082F0A8 /* watchSessionWithTimerCheck.app */;
			productType = "com.apple.product-type.application";
		};
		6D163A6D1CD4DB290082F0A8 /* WatchApp */ = {
			isa = PBXNativeTarget;
			buildConfigurationList = 6D163A951CD4DB290082F0A8 /* Build configuration list for PBXNativeTarget "WatchApp" */;
			buildPhases = (
				6D163A6C1CD4DB290082F0A8 /* Resources */,
				6D163A941CD4DB290082F0A8 /* Embed App Extensions */,
			);
			buildRules = (
			);
			dependencies = (
				6D163A7D1CD4DB290082F0A8 /* PBXTargetDependency */,
			);
			name = WatchApp;
			productName = WatchApp;
			productReference = 6D163A6E1CD4DB290082F0A8 /* WatchApp.app */;
			productType = "com.apple.product-type.application.watchapp2";
		};
		6D163A791CD4DB290082F0A8 /* WatchApp Extension */ = {
			isa = PBXNativeTarget;
			buildConfigurationList = 6D163A911CD4DB290082F0A8 /* Build configuration list for PBXNativeTarget "WatchApp Extension" */;
			buildPhases = (
				6D163A761CD4DB290082F0A8 /* Sources */,
				6D163A771CD4DB290082F0A8 /* Frameworks */,
				6D163A781CD4DB290082F0A8 /* Resources */,
			);
			buildRules = (
			);
			dependencies = (
			);
			name = "WatchApp Extension";
			productName = "WatchApp Extension";
			productReference = 6D163A7A1CD4DB290082F0A8 /* WatchApp Extension.appex */;
			productType = "com.apple.product-type.watchkit2-extension";
		};
/* End PBXNativeTarget section */

/* Begin PBXProject section */
		6D163A4F1CD4D8F20082F0A8 /* Project object */ = {
			isa = PBXProject;
			attributes = {
				LastSwiftUpdateCheck = 0730;
				LastUpgradeCheck = 0730;
				ORGANIZATIONNAME = artist;
				TargetAttributes = {
					6D163A561CD4D8F20082F0A8 = {
						CreatedOnToolsVersion = 7.3;
					};
					6D163A6D1CD4DB290082F0A8 = {
						CreatedOnToolsVersion = 7.3;
					};
					6D163A791CD4DB290082F0A8 = {
						CreatedOnToolsVersion = 7.3;
					};
				};
			};
			buildConfigurationList = 6D163A521CD4D8F20082F0A8 /* Build configuration list for PBXProject "watchSessionWithTimerCheck" */;
			compatibilityVersion = "Xcode 3.2";
			developmentRegion = English;
			hasScannedForEncodings = 0;
			knownRegions = (
				en,
				Base,
			);
			mainGroup = 6D163A4E1CD4D8F20082F0A8;
			productRefGroup = 6D163A581CD4D8F20082F0A8 /* Products */;
			projectDirPath = "";
			projectRoot = "";
			targets = (
				6D163A561CD4D8F20082F0A8 /* watchSessionWithTimerCheck */,
				6D163A6D1CD4DB290082F0A8 /* WatchApp */,
				6D163A791CD4DB290082F0A8 /* WatchApp Extension */,
			);
		};
/* End PBXProject section */

/* Begin PBXResourcesBuildPhase section */
		6D163A551CD4D8F20082F0A8 /* Resources */ = {
			isa = PBXResourcesBuildPhase;
			buildActionMask = 2147483647;
			files = (
				6D163A651CD4D8F20082F0A8 /* LaunchScreen.storyboard in Resources */,
				6D163A621CD4D8F20082F0A8 /* Assets.xcassets in Resources */,
				6D163A601CD4D8F20082F0A8 /* Main.storyboard in Resources */,
			);
			runOnlyForDeploymentPostprocessing = 0;
		};
		6D163A6C1CD4DB290082F0A8 /* Resources */ = {
			isa = PBXResourcesBuildPhase;
			buildActionMask = 2147483647;
			files = (
				6D163A741CD4DB290082F0A8 /* Assets.xcassets in Resources */,
				6D163A721CD4DB290082F0A8 /* Interface.storyboard in Resources */,
			);
			runOnlyForDeploymentPostprocessing = 0;
		};
		6D163A781CD4DB290082F0A8 /* Resources */ = {
			isa = PBXResourcesBuildPhase;
			buildActionMask = 2147483647;
			files = (
				6D163A8C1CD4DB290082F0A8 /* Assets.xcassets in Resources */,
			);
			runOnlyForDeploymentPostprocessing = 0;
		};
/* End PBXResourcesBuildPhase section */

/* Begin PBXSourcesBuildPhase section */
		6D163A531CD4D8F20082F0A8 /* Sources */ = {
			isa = PBXSourcesBuildPhase;
			buildActionMask = 2147483647;
			files = (
				6D163A5D1CD4D8F20082F0A8 /* ViewController.swift in Sources */,
				6D163A5B1CD4D8F20082F0A8 /* AppDelegate.swift in Sources */,
			);
			runOnlyForDeploymentPostprocessing = 0;
		};
		6D163A761CD4DB290082F0A8 /* Sources */ = {
			isa = PBXSourcesBuildPhase;
			buildActionMask = 2147483647;
			files = (
				6D163A861CD4DB290082F0A8 /* NotificationController.swift in Sources */,
				6D163A841CD4DB290082F0A8 /* ExtensionDelegate.swift in Sources */,
				6D163A8A1CD4DB290082F0A8 /* ComplicationController.swift in Sources */,
				6D163A821CD4DB290082F0A8 /* InterfaceController.swift in Sources */,
				6D163A881CD4DB290082F0A8 /* GlanceController.swift in Sources */,
			);
			runOnlyForDeploymentPostprocessing = 0;
		};
/* End PBXSourcesBuildPhase section */

/* Begin PBXTargetDependency section */
		6D163A7D1CD4DB290082F0A8 /* PBXTargetDependency */ = {
			isa = PBXTargetDependency;
			target = 6D163A791CD4DB290082F0A8 /* WatchApp Extension */;
			targetProxy = 6D163A7C1CD4DB290082F0A8 /* PBXContainerItemProxy */;
		};
		6D163A8F1CD4DB290082F0A8 /* PBXTargetDependency */ = {
			isa = PBXTargetDependency;
			target = 6D163A6D1CD4DB290082F0A8 /* WatchApp */;
			targetProxy = 6D163A8E1CD4DB290082F0A8 /* PBXContainerItemProxy */;
		};
/* End PBXTargetDependency section */

/* Begin PBXVariantGroup section */
		6D163A5E1CD4D8F20082F0A8 /* Main.storyboard */ = {
			isa = PBXVariantGroup;
			children = (
				6D163A5F1CD4D8F20082F0A8 /* Base */,
			);
			name = Main.storyboard;
			sourceTree = "<group>";
		};
		6D163A631CD4D8F20082F0A8 /* LaunchScreen.storyboard */ = {
			isa = PBXVariantGroup;
			children = (
				6D163A641CD4D8F20082F0A8 /* Base */,
			);
			name = LaunchScreen.storyboard;
			sourceTree = "<group>";
		};
		6D163A701CD4DB290082F0A8 /* Interface.storyboard */ = {
			isa = PBXVariantGroup;
			children = (
				6D163A711CD4DB290082F0A8 /* Base */,
			);
			name = Interface.storyboard;
			sourceTree = "<group>";
		};
/* End PBXVariantGroup section */

/* Begin XCBuildConfiguration section */
		6D163A671CD4D8F20082F0A8 /* Debug */ = {
			isa = XCBuildConfiguration;
			buildSettings = {
				ALWAYS_SEARCH_USER_PATHS = NO;
				CLANG_ANALYZER_NONNULL = YES;
				CLANG_CXX_LANGUAGE_STANDARD = "gnu++0x";
				CLANG_CXX_LIBRARY = "libc++";
				CLANG_ENABLE_MODULES = YES;
				CLANG_ENABLE_OBJC_ARC = YES;
				CLANG_WARN_BOOL_CONVERSION = YES;
				CLANG_WARN_CONSTANT_CONVERSION = YES;
				CLANG_WARN_DIRECT_OBJC_ISA_USAGE = YES_ERROR;
				CLANG_WARN_EMPTY_BODY = YES;
				CLANG_WARN_ENUM_CONVERSION = YES;
				CLANG_WARN_INT_CONVERSION = YES;
				CLANG_WARN_OBJC_ROOT_CLASS = YES_ERROR;
				CLANG_WARN_UNREACHABLE_CODE = YES;
				CLANG_WARN__DUPLICATE_METHOD_MATCH = YES;
				"CODE_SIGN_IDENTITY[sdk=iphoneos*]" = "iPhone Developer";
				COPY_PHASE_STRIP = NO;
				DEBUG_INFORMATION_FORMAT = dwarf;
				ENABLE_STRICT_OBJC_MSGSEND = YES;
				ENABLE_TESTABILITY = YES;
				GCC_C_LANGUAGE_STANDARD = gnu99;
				GCC_DYNAMIC_NO_PIC = NO;
				GCC_NO_COMMON_BLOCKS = YES;
				GCC_OPTIMIZATION_LEVEL = 0;
				GCC_PREPROCESSOR_DEFINITIONS = (
					"DEBUG=1",
					"$(inherited)",
				);
				GCC_WARN_64_TO_32_BIT_CONVERSION = YES;
				GCC_WARN_ABOUT_RETURN_TYPE = YES_ERROR;
				GCC_WARN_UNDECLARED_SELECTOR = YES;
				GCC_WARN_UNINITIALIZED_AUTOS = YES_AGGRESSIVE;
				GCC_WARN_UNUSED_FUNCTION = YES;
				GCC_WARN_UNUSED_VARIABLE = YES;
				IPHONEOS_DEPLOYMENT_TARGET = 9.3;
				MTL_ENABLE_DEBUG_INFO = YES;
				ONLY_ACTIVE_ARCH = YES;
				SDKROOT = iphoneos;
				SWIFT_OPTIMIZATION_LEVEL = "-Onone";
			};
			name = Debug;
		};
		6D163A681CD4D8F20082F0A8 /* Release */ = {
			isa = XCBuildConfiguration;
			buildSettings = {
				ALWAYS_SEARCH_USER_PATHS = NO;
				CLANG_ANALYZER_NONNULL = YES;
				CLANG_CXX_LANGUAGE_STANDARD = "gnu++0x";
				CLANG_CXX_LIBRARY = "libc++";
				CLANG_ENABLE_MODULES = YES;
				CLANG_ENABLE_OBJC_ARC = YES;
				CLANG_WARN_BOOL_CONVERSION = YES;
				CLANG_WARN_CONSTANT_CONVERSION = YES;
				CLANG_WARN_DIRECT_OBJC_ISA_USAGE = YES_ERROR;
				CLANG_WARN_EMPTY_BODY = YES;
				CLANG_WARN_ENUM_CONVERSION = YES;
				CLANG_WARN_INT_CONVERSION = YES;
				CLANG_WARN_OBJC_ROOT_CLASS = YES_ERROR;
				CLANG_WARN_UNREACHABLE_CODE = YES;
				CLANG_WARN__DUPLICATE_METHOD_MATCH = YES;
				"CODE_SIGN_IDENTITY[sdk=iphoneos*]" = "iPhone Developer";
				COPY_PHASE_STRIP = NO;
				DEBUG_INFORMATION_FORMAT = "dwarf-with-dsym";
				ENABLE_NS_ASSERTIONS = NO;
				ENABLE_STRICT_OBJC_MSGSEND = YES;
				GCC_C_LANGUAGE_STANDARD = gnu99;
				GCC_NO_COMMON_BLOCKS = YES;
				GCC_WARN_64_TO_32_BIT_CONVERSION = YES;
				GCC_WARN_ABOUT_RETURN_TYPE = YES_ERROR;
				GCC_WARN_UNDECLARED_SELECTOR = YES;
				GCC_WARN_UNINITIALIZED_AUTOS = YES_AGGRESSIVE;
				GCC_WARN_UNUSED_FUNCTION = YES;
				GCC_WARN_UNUSED_VARIABLE = YES;
				IPHONEOS_DEPLOYMENT_TARGET = 9.3;
				MTL_ENABLE_DEBUG_INFO = NO;
				SDKROOT = iphoneos;
				VALIDATE_PRODUCT = YES;
			};
			name = Release;
		};
		6D163A6A1CD4D8F20082F0A8 /* Debug */ = {
			isa = XCBuildConfiguration;
			buildSettings = {
				ASSETCATALOG_COMPILER_APPICON_NAME = AppIcon;
				INFOPLIST_FILE = watchSessionWithTimerCheck/Info.plist;
				LD_RUNPATH_SEARCH_PATHS = "$(inherited) @executable_path/Frameworks";
				PRODUCT_BUNDLE_IDENTIFIER = "-.watchSessionWithTimerCheck";
				PRODUCT_NAME = "$(TARGET_NAME)";
			};
			name = Debug;
		};
		6D163A6B1CD4D8F20082F0A8 /* Release */ = {
			isa = XCBuildConfiguration;
			buildSettings = {
				ASSETCATALOG_COMPILER_APPICON_NAME = AppIcon;
				INFOPLIST_FILE = watchSessionWithTimerCheck/Info.plist;
				LD_RUNPATH_SEARCH_PATHS = "$(inherited) @executable_path/Frameworks";
				PRODUCT_BUNDLE_IDENTIFIER = "-.watchSessionWithTimerCheck";
				PRODUCT_NAME = "$(TARGET_NAME)";
			};
			name = Release;
		};
		6D163A921CD4DB290082F0A8 /* Debug */ = {
			isa = XCBuildConfiguration;
			buildSettings = {
				ASSETCATALOG_COMPILER_COMPLICATION_NAME = Complication;
				INFOPLIST_FILE = "WatchApp Extension/Info.plist";
				LD_RUNPATH_SEARCH_PATHS = "$(inherited) @executable_path/Frameworks @executable_path/../../Frameworks";
				PRODUCT_BUNDLE_IDENTIFIER = "-.watchSessionWithTimerCheck.watchkitapp.watchkitextension";
				PRODUCT_NAME = "${TARGET_NAME}";
				SDKROOT = watchos;
				SKIP_INSTALL = YES;
				TARGETED_DEVICE_FAMILY = 4;
				WATCHOS_DEPLOYMENT_TARGET = 2.2;
			};
			name = Debug;
		};
		6D163A931CD4DB290082F0A8 /* Release */ = {
			isa = XCBuildConfiguration;
			buildSettings = {
				ASSETCATALOG_COMPILER_COMPLICATION_NAME = Complication;
				INFOPLIST_FILE = "WatchApp Extension/Info.plist";
				LD_RUNPATH_SEARCH_PATHS = "$(inherited) @executable_path/Frameworks @executable_path/../../Frameworks";
				PRODUCT_BUNDLE_IDENTIFIER = "-.watchSessionWithTimerCheck.watchkitapp.watchkitextension";
				PRODUCT_NAME = "${TARGET_NAME}";
				SDKROOT = watchos;
				SKIP_INSTALL = YES;
				TARGETED_DEVICE_FAMILY = 4;
				WATCHOS_DEPLOYMENT_TARGET = 2.2;
			};
			name = Release;
		};
		6D163A961CD4DB290082F0A8 /* Debug */ = {
			isa = XCBuildConfiguration;
			buildSettings = {
				ASSETCATALOG_COMPILER_APPICON_NAME = AppIcon;
				EMBEDDED_CONTENT_CONTAINS_SWIFT = YES;
				IBSC_MODULE = WatchApp_Extension;
				INFOPLIST_FILE = WatchApp/Info.plist;
				PRODUCT_BUNDLE_IDENTIFIER = "-.watchSessionWithTimerCheck.watchkitapp";
				PRODUCT_NAME = "$(TARGET_NAME)";
				SDKROOT = watchos;
				SKIP_INSTALL = YES;
				TARGETED_DEVICE_FAMILY = 4;
				WATCHOS_DEPLOYMENT_TARGET = 2.2;
			};
			name = Debug;
		};
		6D163A971CD4DB290082F0A8 /* Release */ = {
			isa = XCBuildConfiguration;
			buildSettings = {
				ASSETCATALOG_COMPILER_APPICON_NAME = AppIcon;
				EMBEDDED_CONTENT_CONTAINS_SWIFT = YES;
				IBSC_MODULE = WatchApp_Extension;
				INFOPLIST_FILE = WatchApp/Info.plist;
				PRODUCT_BUNDLE_IDENTIFIER = "-.watchSessionWithTimerCheck.watchkitapp";
				PRODUCT_NAME = "$(TARGET_NAME)";
				SDKROOT = watchos;
				SKIP_INSTALL = YES;
				TARGETED_DEVICE_FAMILY = 4;
				WATCHOS_DEPLOYMENT_TARGET = 2.2;
			};
			name = Release;
		};
/* End XCBuildConfiguration section */

/* Begin XCConfigurationList section */
		6D163A521CD4D8F20082F0A8 /* Build configuration list for PBXProject "watchSessionWithTimerCheck" */ = {
			isa = XCConfigurationList;
			buildConfigurations = (
				6D163A671CD4D8F20082F0A8 /* Debug */,
				6D163A681CD4D8F20082F0A8 /* Release */,
			);
			defaultConfigurationIsVisible = 0;
			defaultConfigurationName = Release;
		};
		6D163A691CD4D8F20082F0A8 /* Build configuration list for PBXNativeTarget "watchSessionWithTimerCheck" */ = {
			isa = XCConfigurationList;
			buildConfigurations = (
				6D163A6A1CD4D8F20082F0A8 /* Debug */,
				6D163A6B1CD4D8F20082F0A8 /* Release */,
			);
			defaultConfigurationIsVisible = 0;
		};
		6D163A911CD4DB290082F0A8 /* Build configuration list for PBXNativeTarget "WatchApp Extension" */ = {
			isa = XCConfigurationList;
			buildConfigurations = (
				6D163A921CD4DB290082F0A8 /* Debug */,
				6D163A931CD4DB290082F0A8 /* Release */,
			);
			defaultConfigurationIsVisible = 0;
		};
		6D163A951CD4DB290082F0A8 /* Build configuration list for PBXNativeTarget "WatchApp" */ = {
			isa = XCConfigurationList;
			buildConfigurations = (
				6D163A961CD4DB290082F0A8 /* Debug */,
				6D163A971CD4DB290082F0A8 /* Release */,
			);
			defaultConfigurationIsVisible = 0;
		};
/* End XCConfigurationList section */
	};
	rootObject = 6D163A4F1CD4D8F20082F0A8 /* Project object */;
}
